// !$*UTF8*$!
{
	archiveVersion = 1;
	classes = {
	};
	objectVersion = 56;
	objects = {

/* Begin PBXBuildFile section */
		7C9EB56B2C40DF88005D8430 /* iOS_challengeApp.swift in Sources */ = {isa = PBXBuildFile; fileRef = 7C9EB56A2C40DF88005D8430 /* iOS_challengeApp.swift */; };
		7C9EB56D2C40DF88005D8430 /* BreedsView.swift in Sources */ = {isa = PBXBuildFile; fileRef = 7C9EB56C2C40DF88005D8430 /* BreedsView.swift */; };
		7C9EB56F2C40DF89005D8430 /* Assets.xcassets in Resources */ = {isa = PBXBuildFile; fileRef = 7C9EB56E2C40DF89005D8430 /* Assets.xcassets */; };
		7C9EB5732C40DF89005D8430 /* Preview Assets.xcassets in Resources */ = {isa = PBXBuildFile; fileRef = 7C9EB5722C40DF89005D8430 /* Preview Assets.xcassets */; };
		7C9EB57D2C40DF89005D8430 /* iOS_challengeTests.swift in Sources */ = {isa = PBXBuildFile; fileRef = 7C9EB57C2C40DF89005D8430 /* iOS_challengeTests.swift */; };
		7C9EB5872C40DF89005D8430 /* iOS_challengeUITests.swift in Sources */ = {isa = PBXBuildFile; fileRef = 7C9EB5862C40DF89005D8430 /* iOS_challengeUITests.swift */; };
		7C9EB5892C40DF89005D8430 /* iOS_challengeUITestsLaunchTests.swift in Sources */ = {isa = PBXBuildFile; fileRef = 7C9EB5882C40DF89005D8430 /* iOS_challengeUITestsLaunchTests.swift */; };
		7C9EB59C2C40E367005D8430 /* ImagesListView.swift in Sources */ = {isa = PBXBuildFile; fileRef = 7C9EB59B2C40E367005D8430 /* ImagesListView.swift */; };
		7C9EB59E2C40E5F3005D8430 /* BreedsViewModel.swift in Sources */ = {isa = PBXBuildFile; fileRef = 7C9EB59D2C40E5F3005D8430 /* BreedsViewModel.swift */; };
		7C9EB5A02C40E629005D8430 /* ImageListViewModel.swift in Sources */ = {isa = PBXBuildFile; fileRef = 7C9EB59F2C40E629005D8430 /* ImageListViewModel.swift */; };
		7C9EB5A22C40E673005D8430 /* FirebaseRTDClient.swift in Sources */ = {isa = PBXBuildFile; fileRef = 7C9EB5A12C40E673005D8430 /* FirebaseRTDClient.swift */; };
		7C9EB5A42C40E6A1005D8430 /* Breed.swift in Sources */ = {isa = PBXBuildFile; fileRef = 7C9EB5A32C40E6A1005D8430 /* Breed.swift */; };
		7C9EB5A62C40EA0F005D8430 /* GoogleService-Info.plist in Resources */ = {isa = PBXBuildFile; fileRef = 7C9EB5A52C40EA0F005D8430 /* GoogleService-Info.plist */; };
		7CC065142C40FA2F0090EE16 /* FirebaseDatabase in Frameworks */ = {isa = PBXBuildFile; productRef = 7CC065132C40FA2F0090EE16 /* FirebaseDatabase */; };
		7CC065162C411D450090EE16 /* DogAPIClient.swift in Sources */ = {isa = PBXBuildFile; fileRef = 7CC065152C411D450090EE16 /* DogAPIClient.swift */; };
		7CC065182C411D850090EE16 /* BreedsRepository.swift in Sources */ = {isa = PBXBuildFile; fileRef = 7CC065172C411D850090EE16 /* BreedsRepository.swift */; };
		7CC0651F2C41DE960090EE16 /* FirebaseRTDClient.swift in Sources */ = {isa = PBXBuildFile; fileRef = 7C9EB5A12C40E673005D8430 /* FirebaseRTDClient.swift */; };
		7CC065202C41DE960090EE16 /* BreedsRepository.swift in Sources */ = {isa = PBXBuildFile; fileRef = 7CC065172C411D850090EE16 /* BreedsRepository.swift */; };
		7CC065212C41DE960090EE16 /* ImageListViewModel.swift in Sources */ = {isa = PBXBuildFile; fileRef = 7C9EB59F2C40E629005D8430 /* ImageListViewModel.swift */; };
		7CC065222C41DE960090EE16 /* BreedsViewModel.swift in Sources */ = {isa = PBXBuildFile; fileRef = 7C9EB59D2C40E5F3005D8430 /* BreedsViewModel.swift */; };
		7CC065232C41DE960090EE16 /* DogAPIClient.swift in Sources */ = {isa = PBXBuildFile; fileRef = 7CC065152C411D450090EE16 /* DogAPIClient.swift */; };
		7CC065242C41DE960090EE16 /* Breed.swift in Sources */ = {isa = PBXBuildFile; fileRef = 7C9EB5A32C40E6A1005D8430 /* Breed.swift */; };
/* End PBXBuildFile section */

/* Begin PBXContainerItemProxy section */
		7C9EB5792C40DF89005D8430 /* PBXContainerItemProxy */ = {
			isa = PBXContainerItemProxy;
			containerPortal = 7C9EB55F2C40DF88005D8430 /* Project object */;
			proxyType = 1;
			remoteGlobalIDString = 7C9EB5662C40DF88005D8430;
			remoteInfo = "iOS-challenge";
		};
		7C9EB5832C40DF89005D8430 /* PBXContainerItemProxy */ = {
			isa = PBXContainerItemProxy;
			containerPortal = 7C9EB55F2C40DF88005D8430 /* Project object */;
			proxyType = 1;
			remoteGlobalIDString = 7C9EB5662C40DF88005D8430;
			remoteInfo = "iOS-challenge";
		};
/* End PBXContainerItemProxy section */

/* Begin PBXFileReference section */
		7C9EB5672C40DF88005D8430 /* iOS-challenge.app */ = {isa = PBXFileReference; explicitFileType = wrapper.application; includeInIndex = 0; path = "iOS-challenge.app"; sourceTree = BUILT_PRODUCTS_DIR; };
		7C9EB56A2C40DF88005D8430 /* iOS_challengeApp.swift */ = {isa = PBXFileReference; lastKnownFileType = sourcecode.swift; path = iOS_challengeApp.swift; sourceTree = "<group>"; };
		7C9EB56C2C40DF88005D8430 /* BreedsView.swift */ = {isa = PBXFileReference; lastKnownFileType = sourcecode.swift; path = BreedsView.swift; sourceTree = "<group>"; };
		7C9EB56E2C40DF89005D8430 /* Assets.xcassets */ = {isa = PBXFileReference; lastKnownFileType = folder.assetcatalog; path = Assets.xcassets; sourceTree = "<group>"; };
		7C9EB5702C40DF89005D8430 /* iOS_challenge.entitlements */ = {isa = PBXFileReference; lastKnownFileType = text.plist.entitlements; path = iOS_challenge.entitlements; sourceTree = "<group>"; };
		7C9EB5722C40DF89005D8430 /* Preview Assets.xcassets */ = {isa = PBXFileReference; lastKnownFileType = folder.assetcatalog; path = "Preview Assets.xcassets"; sourceTree = "<group>"; };
		7C9EB5782C40DF89005D8430 /* iOS-challengeTests.xctest */ = {isa = PBXFileReference; explicitFileType = wrapper.cfbundle; includeInIndex = 0; path = "iOS-challengeTests.xctest"; sourceTree = BUILT_PRODUCTS_DIR; };
		7C9EB57C2C40DF89005D8430 /* iOS_challengeTests.swift */ = {isa = PBXFileReference; lastKnownFileType = sourcecode.swift; path = iOS_challengeTests.swift; sourceTree = "<group>"; };
		7C9EB5822C40DF89005D8430 /* iOS-challengeUITests.xctest */ = {isa = PBXFileReference; explicitFileType = wrapper.cfbundle; includeInIndex = 0; path = "iOS-challengeUITests.xctest"; sourceTree = BUILT_PRODUCTS_DIR; };
		7C9EB5862C40DF89005D8430 /* iOS_challengeUITests.swift */ = {isa = PBXFileReference; lastKnownFileType = sourcecode.swift; path = iOS_challengeUITests.swift; sourceTree = "<group>"; };
		7C9EB5882C40DF89005D8430 /* iOS_challengeUITestsLaunchTests.swift */ = {isa = PBXFileReference; lastKnownFileType = sourcecode.swift; path = iOS_challengeUITestsLaunchTests.swift; sourceTree = "<group>"; };
		7C9EB59B2C40E367005D8430 /* ImagesListView.swift */ = {isa = PBXFileReference; lastKnownFileType = sourcecode.swift; path = ImagesListView.swift; sourceTree = "<group>"; };
		7C9EB59D2C40E5F3005D8430 /* BreedsViewModel.swift */ = {isa = PBXFileReference; lastKnownFileType = sourcecode.swift; path = BreedsViewModel.swift; sourceTree = "<group>"; };
		7C9EB59F2C40E629005D8430 /* ImageListViewModel.swift */ = {isa = PBXFileReference; lastKnownFileType = sourcecode.swift; path = ImageListViewModel.swift; sourceTree = "<group>"; };
		7C9EB5A12C40E673005D8430 /* FirebaseRTDClient.swift */ = {isa = PBXFileReference; lastKnownFileType = sourcecode.swift; path = FirebaseRTDClient.swift; sourceTree = "<group>"; };
		7C9EB5A32C40E6A1005D8430 /* Breed.swift */ = {isa = PBXFileReference; lastKnownFileType = sourcecode.swift; path = Breed.swift; sourceTree = "<group>"; };
		7C9EB5A52C40EA0F005D8430 /* GoogleService-Info.plist */ = {isa = PBXFileReference; fileEncoding = 4; lastKnownFileType = text.plist.xml; path = "GoogleService-Info.plist"; sourceTree = "<group>"; };
		7CC065152C411D450090EE16 /* DogAPIClient.swift */ = {isa = PBXFileReference; lastKnownFileType = sourcecode.swift; path = DogAPIClient.swift; sourceTree = "<group>"; };
		7CC065172C411D850090EE16 /* BreedsRepository.swift */ = {isa = PBXFileReference; lastKnownFileType = sourcecode.swift; path = BreedsRepository.swift; sourceTree = "<group>"; };
/* End PBXFileReference section */

/* Begin PBXFrameworksBuildPhase section */
		7C9EB5642C40DF88005D8430 /* Frameworks */ = {
			isa = PBXFrameworksBuildPhase;
			buildActionMask = 2147483647;
			files = (
				7CC065142C40FA2F0090EE16 /* FirebaseDatabase in Frameworks */,
			);
			runOnlyForDeploymentPostprocessing = 0;
		};
		7C9EB5752C40DF89005D8430 /* Frameworks */ = {
			isa = PBXFrameworksBuildPhase;
			buildActionMask = 2147483647;
			files = (
			);
			runOnlyForDeploymentPostprocessing = 0;
		};
		7C9EB57F2C40DF89005D8430 /* Frameworks */ = {
			isa = PBXFrameworksBuildPhase;
			buildActionMask = 2147483647;
			files = (
			);
			runOnlyForDeploymentPostprocessing = 0;
		};
/* End PBXFrameworksBuildPhase section */

/* Begin PBXGroup section */
		7C9EB55E2C40DF88005D8430 = {
			isa = PBXGroup;
			children = (
				7C9EB5692C40DF88005D8430 /* iOS-challenge */,
				7C9EB57B2C40DF89005D8430 /* iOS-challengeTests */,
				7C9EB5852C40DF89005D8430 /* iOS-challengeUITests */,
				7C9EB5682C40DF88005D8430 /* Products */,
				7CC065102C40F5320090EE16 /* Frameworks */,
			);
			sourceTree = "<group>";
		};
		7C9EB5682C40DF88005D8430 /* Products */ = {
			isa = PBXGroup;
			children = (
				7C9EB5672C40DF88005D8430 /* iOS-challenge.app */,
				7C9EB5782C40DF89005D8430 /* iOS-challengeTests.xctest */,
				7C9EB5822C40DF89005D8430 /* iOS-challengeUITests.xctest */,
			);
			name = Products;
			sourceTree = "<group>";
		};
		7C9EB5692C40DF88005D8430 /* iOS-challenge */ = {
			isa = PBXGroup;
			children = (
				7C9EB5952C40E30B005D8430 /* Core */,
				7C9EB56A2C40DF88005D8430 /* iOS_challengeApp.swift */,
				7C9EB56E2C40DF89005D8430 /* Assets.xcassets */,
				7C9EB5702C40DF89005D8430 /* iOS_challenge.entitlements */,
				7C9EB5A52C40EA0F005D8430 /* GoogleService-Info.plist */,
				7C9EB5712C40DF89005D8430 /* Preview Content */,
			);
			path = "iOS-challenge";
			sourceTree = "<group>";
		};
		7C9EB5712C40DF89005D8430 /* Preview Content */ = {
			isa = PBXGroup;
			children = (
				7C9EB5722C40DF89005D8430 /* Preview Assets.xcassets */,
			);
			path = "Preview Content";
			sourceTree = "<group>";
		};
		7C9EB57B2C40DF89005D8430 /* iOS-challengeTests */ = {
			isa = PBXGroup;
			children = (
				7C9EB57C2C40DF89005D8430 /* iOS_challengeTests.swift */,
			);
			path = "iOS-challengeTests";
			sourceTree = "<group>";
		};
		7C9EB5852C40DF89005D8430 /* iOS-challengeUITests */ = {
			isa = PBXGroup;
			children = (
				7C9EB5862C40DF89005D8430 /* iOS_challengeUITests.swift */,
				7C9EB5882C40DF89005D8430 /* iOS_challengeUITestsLaunchTests.swift */,
			);
			path = "iOS-challengeUITests";
			sourceTree = "<group>";
		};
		7C9EB5952C40E30B005D8430 /* Core */ = {
			isa = PBXGroup;
			children = (
				7C9EB5962C40E321005D8430 /* Breeds */,
			);
			path = Core;
			sourceTree = "<group>";
		};
		7C9EB5962C40E321005D8430 /* Breeds */ = {
			isa = PBXGroup;
			children = (
				7C9EB59A2C40E344005D8430 /* Model */,
				7C9EB5992C40E33D005D8430 /* Repository */,
				7C9EB5982C40E334005D8430 /* ViewModels */,
				7C9EB5972C40E329005D8430 /* Views */,
			);
			path = Breeds;
			sourceTree = "<group>";
		};
		7C9EB5972C40E329005D8430 /* Views */ = {
			isa = PBXGroup;
			children = (
				7C9EB56C2C40DF88005D8430 /* BreedsView.swift */,
				7C9EB59B2C40E367005D8430 /* ImagesListView.swift */,
			);
			path = Views;
			sourceTree = "<group>";
		};
		7C9EB5982C40E334005D8430 /* ViewModels */ = {
			isa = PBXGroup;
			children = (
				7C9EB59D2C40E5F3005D8430 /* BreedsViewModel.swift */,
				7C9EB59F2C40E629005D8430 /* ImageListViewModel.swift */,
			);
			path = ViewModels;
			sourceTree = "<group>";
		};
		7C9EB5992C40E33D005D8430 /* Repository */ = {
			isa = PBXGroup;
			children = (
				7C9EB5A12C40E673005D8430 /* FirebaseRTDClient.swift */,
				7CC065152C411D450090EE16 /* DogAPIClient.swift */,
				7CC065172C411D850090EE16 /* BreedsRepository.swift */,
			);
			path = Repository;
			sourceTree = "<group>";
		};
		7C9EB59A2C40E344005D8430 /* Model */ = {
			isa = PBXGroup;
			children = (
				7C9EB5A32C40E6A1005D8430 /* Breed.swift */,
			);
			path = Model;
			sourceTree = "<group>";
		};
		7CC065102C40F5320090EE16 /* Frameworks */ = {
			isa = PBXGroup;
			children = (
			);
			name = Frameworks;
			sourceTree = "<group>";
		};
/* End PBXGroup section */

/* Begin PBXNativeTarget section */
		7C9EB5662C40DF88005D8430 /* iOS-challenge */ = {
			isa = PBXNativeTarget;
			buildConfigurationList = 7C9EB58C2C40DF89005D8430 /* Build configuration list for PBXNativeTarget "iOS-challenge" */;
			buildPhases = (
				7C9EB5632C40DF88005D8430 /* Sources */,
				7C9EB5642C40DF88005D8430 /* Frameworks */,
				7C9EB5652C40DF88005D8430 /* Resources */,
			);
			buildRules = (
			);
			dependencies = (
			);
			name = "iOS-challenge";
			packageProductDependencies = (
				7CC065132C40FA2F0090EE16 /* FirebaseDatabase */,
			);
			productName = "iOS-challenge";
			productReference = 7C9EB5672C40DF88005D8430 /* iOS-challenge.app */;
			productType = "com.apple.product-type.application";
		};
		7C9EB5772C40DF89005D8430 /* iOS-challengeTests */ = {
			isa = PBXNativeTarget;
			buildConfigurationList = 7C9EB58F2C40DF89005D8430 /* Build configuration list for PBXNativeTarget "iOS-challengeTests" */;
			buildPhases = (
				7C9EB5742C40DF89005D8430 /* Sources */,
				7C9EB5752C40DF89005D8430 /* Frameworks */,
				7C9EB5762C40DF89005D8430 /* Resources */,
			);
			buildRules = (
			);
			dependencies = (
				7C9EB57A2C40DF89005D8430 /* PBXTargetDependency */,
			);
			name = "iOS-challengeTests";
			productName = "iOS-challengeTests";
			productReference = 7C9EB5782C40DF89005D8430 /* iOS-challengeTests.xctest */;
			productType = "com.apple.product-type.bundle.unit-test";
		};
		7C9EB5812C40DF89005D8430 /* iOS-challengeUITests */ = {
			isa = PBXNativeTarget;
			buildConfigurationList = 7C9EB5922C40DF89005D8430 /* Build configuration list for PBXNativeTarget "iOS-challengeUITests" */;
			buildPhases = (
				7C9EB57E2C40DF89005D8430 /* Sources */,
				7C9EB57F2C40DF89005D8430 /* Frameworks */,
				7C9EB5802C40DF89005D8430 /* Resources */,
			);
			buildRules = (
			);
			dependencies = (
				7C9EB5842C40DF89005D8430 /* PBXTargetDependency */,
			);
			name = "iOS-challengeUITests";
			productName = "iOS-challengeUITests";
			productReference = 7C9EB5822C40DF89005D8430 /* iOS-challengeUITests.xctest */;
			productType = "com.apple.product-type.bundle.ui-testing";
		};
/* End PBXNativeTarget section */

/* Begin PBXProject section */
		7C9EB55F2C40DF88005D8430 /* Project object */ = {
			isa = PBXProject;
			attributes = {
				BuildIndependentTargetsInParallel = 1;
				LastSwiftUpdateCheck = 1540;
				LastUpgradeCheck = 1540;
				TargetAttributes = {
					7C9EB5662C40DF88005D8430 = {
						CreatedOnToolsVersion = 15.4;
					};
					7C9EB5772C40DF89005D8430 = {
						CreatedOnToolsVersion = 15.4;
						TestTargetID = 7C9EB5662C40DF88005D8430;
					};
					7C9EB5812C40DF89005D8430 = {
						CreatedOnToolsVersion = 15.4;
						TestTargetID = 7C9EB5662C40DF88005D8430;
					};
				};
			};
			buildConfigurationList = 7C9EB5622C40DF88005D8430 /* Build configuration list for PBXProject "iOS-challenge" */;
			compatibilityVersion = "Xcode 14.0";
			developmentRegion = en;
			hasScannedForEncodings = 0;
			knownRegions = (
				en,
				Base,
			);
			mainGroup = 7C9EB55E2C40DF88005D8430;
			packageReferences = (
				7C9EB5A72C40EC1E005D8430 /* XCRemoteSwiftPackageReference "firebase-ios-sdk" */,
			);
			productRefGroup = 7C9EB5682C40DF88005D8430 /* Products */;
			projectDirPath = "";
			projectRoot = "";
			targets = (
				7C9EB5662C40DF88005D8430 /* iOS-challenge */,
				7C9EB5772C40DF89005D8430 /* iOS-challengeTests */,
				7C9EB5812C40DF89005D8430 /* iOS-challengeUITests */,
			);
		};
/* End PBXProject section */

/* Begin PBXResourcesBuildPhase section */
		7C9EB5652C40DF88005D8430 /* Resources */ = {
			isa = PBXResourcesBuildPhase;
			buildActionMask = 2147483647;
			files = (
				7C9EB5732C40DF89005D8430 /* Preview Assets.xcassets in Resources */,
				7C9EB56F2C40DF89005D8430 /* Assets.xcassets in Resources */,
				7C9EB5A62C40EA0F005D8430 /* GoogleService-Info.plist in Resources */,
			);
			runOnlyForDeploymentPostprocessing = 0;
		};
		7C9EB5762C40DF89005D8430 /* Resources */ = {
			isa = PBXResourcesBuildPhase;
			buildActionMask = 2147483647;
			files = (
			);
			runOnlyForDeploymentPostprocessing = 0;
		};
		7C9EB5802C40DF89005D8430 /* Resources */ = {
			isa = PBXResourcesBuildPhase;
			buildActionMask = 2147483647;
			files = (
			);
			runOnlyForDeploymentPostprocessing = 0;
		};
/* End PBXResourcesBuildPhase section */

/* Begin PBXSourcesBuildPhase section */
		7C9EB5632C40DF88005D8430 /* Sources */ = {
			isa = PBXSourcesBuildPhase;
			buildActionMask = 2147483647;
			files = (
				7C9EB59C2C40E367005D8430 /* ImagesListView.swift in Sources */,
				7C9EB5A42C40E6A1005D8430 /* Breed.swift in Sources */,
				7C9EB5A02C40E629005D8430 /* ImageListViewModel.swift in Sources */,
				7C9EB5A22C40E673005D8430 /* FirebaseRTDClient.swift in Sources */,
				7CC065182C411D850090EE16 /* BreedsRepository.swift in Sources */,
				7C9EB59E2C40E5F3005D8430 /* BreedsViewModel.swift in Sources */,
				7CC065162C411D450090EE16 /* DogAPIClient.swift in Sources */,
				7C9EB56D2C40DF88005D8430 /* BreedsView.swift in Sources */,
				7C9EB56B2C40DF88005D8430 /* iOS_challengeApp.swift in Sources */,
			);
			runOnlyForDeploymentPostprocessing = 0;
		};
		7C9EB5742C40DF89005D8430 /* Sources */ = {
			isa = PBXSourcesBuildPhase;
			buildActionMask = 2147483647;
			files = (
				7C9EB57D2C40DF89005D8430 /* iOS_challengeTests.swift in Sources */,
				7CC0651F2C41DE960090EE16 /* FirebaseRTDClient.swift in Sources */,
				7CC065202C41DE960090EE16 /* BreedsRepository.swift in Sources */,
				7CC065212C41DE960090EE16 /* ImageListViewModel.swift in Sources */,
				7CC065222C41DE960090EE16 /* BreedsViewModel.swift in Sources */,
				7CC065232C41DE960090EE16 /* DogAPIClient.swift in Sources */,
				7CC065242C41DE960090EE16 /* Breed.swift in Sources */,
			);
			runOnlyForDeploymentPostprocessing = 0;
		};
		7C9EB57E2C40DF89005D8430 /* Sources */ = {
			isa = PBXSourcesBuildPhase;
			buildActionMask = 2147483647;
			files = (
				7C9EB5892C40DF89005D8430 /* iOS_challengeUITestsLaunchTests.swift in Sources */,
				7C9EB5872C40DF89005D8430 /* iOS_challengeUITests.swift in Sources */,
			);
			runOnlyForDeploymentPostprocessing = 0;
		};
/* End PBXSourcesBuildPhase section */

/* Begin PBXTargetDependency section */
		7C9EB57A2C40DF89005D8430 /* PBXTargetDependency */ = {
			isa = PBXTargetDependency;
			target = 7C9EB5662C40DF88005D8430 /* iOS-challenge */;
			targetProxy = 7C9EB5792C40DF89005D8430 /* PBXContainerItemProxy */;
		};
		7C9EB5842C40DF89005D8430 /* PBXTargetDependency */ = {
			isa = PBXTargetDependency;
			target = 7C9EB5662C40DF88005D8430 /* iOS-challenge */;
			targetProxy = 7C9EB5832C40DF89005D8430 /* PBXContainerItemProxy */;
		};
/* End PBXTargetDependency section */

/* Begin XCBuildConfiguration section */
		7C9EB58A2C40DF89005D8430 /* Debug */ = {
			isa = XCBuildConfiguration;
			buildSettings = {
				ALWAYS_SEARCH_USER_PATHS = NO;
				ASSETCATALOG_COMPILER_GENERATE_SWIFT_ASSET_SYMBOL_EXTENSIONS = YES;
				CLANG_ANALYZER_NONNULL = YES;
				CLANG_ANALYZER_NUMBER_OBJECT_CONVERSION = YES_AGGRESSIVE;
				CLANG_CXX_LANGUAGE_STANDARD = "gnu++20";
				CLANG_ENABLE_MODULES = YES;
				CLANG_ENABLE_OBJC_ARC = YES;
				CLANG_ENABLE_OBJC_WEAK = YES;
				CLANG_WARN_BLOCK_CAPTURE_AUTORELEASING = YES;
				CLANG_WARN_BOOL_CONVERSION = YES;
				CLANG_WARN_COMMA = YES;
				CLANG_WARN_CONSTANT_CONVERSION = YES;
				CLANG_WARN_DEPRECATED_OBJC_IMPLEMENTATIONS = YES;
				CLANG_WARN_DIRECT_OBJC_ISA_USAGE = YES_ERROR;
				CLANG_WARN_DOCUMENTATION_COMMENTS = YES;
				CLANG_WARN_EMPTY_BODY = YES;
				CLANG_WARN_ENUM_CONVERSION = YES;
				CLANG_WARN_INFINITE_RECURSION = YES;
				CLANG_WARN_INT_CONVERSION = YES;
				CLANG_WARN_NON_LITERAL_NULL_CONVERSION = YES;
				CLANG_WARN_OBJC_IMPLICIT_RETAIN_SELF = YES;
				CLANG_WARN_OBJC_LITERAL_CONVERSION = YES;
				CLANG_WARN_OBJC_ROOT_CLASS = YES_ERROR;
				CLANG_WARN_QUOTED_INCLUDE_IN_FRAMEWORK_HEADER = YES;
				CLANG_WARN_RANGE_LOOP_ANALYSIS = YES;
				CLANG_WARN_STRICT_PROTOTYPES = YES;
				CLANG_WARN_SUSPICIOUS_MOVE = YES;
				CLANG_WARN_UNGUARDED_AVAILABILITY = YES_AGGRESSIVE;
				CLANG_WARN_UNREACHABLE_CODE = YES;
				CLANG_WARN__DUPLICATE_METHOD_MATCH = YES;
				COPY_PHASE_STRIP = NO;
				DEBUG_INFORMATION_FORMAT = dwarf;
				ENABLE_STRICT_OBJC_MSGSEND = YES;
				ENABLE_TESTABILITY = YES;
				ENABLE_USER_SCRIPT_SANDBOXING = YES;
				GCC_C_LANGUAGE_STANDARD = gnu17;
				GCC_DYNAMIC_NO_PIC = NO;
				GCC_NO_COMMON_BLOCKS = YES;
				GCC_OPTIMIZATION_LEVEL = 0;
				GCC_PREPROCESSOR_DEFINITIONS = (
					"DEBUG=1",
					"$(inherited)",
				);
				GCC_WARN_64_TO_32_BIT_CONVERSION = YES;
				GCC_WARN_ABOUT_RETURN_TYPE = YES_ERROR;
				GCC_WARN_UNDECLARED_SELECTOR = YES;
				GCC_WARN_UNINITIALIZED_AUTOS = YES_AGGRESSIVE;
				GCC_WARN_UNUSED_FUNCTION = YES;
				GCC_WARN_UNUSED_VARIABLE = YES;
				LOCALIZATION_PREFERS_STRING_CATALOGS = YES;
				MTL_ENABLE_DEBUG_INFO = INCLUDE_SOURCE;
				MTL_FAST_MATH = YES;
				ONLY_ACTIVE_ARCH = YES;
				SWIFT_ACTIVE_COMPILATION_CONDITIONS = "DEBUG $(inherited)";
				SWIFT_OPTIMIZATION_LEVEL = "-Onone";
			};
			name = Debug;
		};
		7C9EB58B2C40DF89005D8430 /* Release */ = {
			isa = XCBuildConfiguration;
			buildSettings = {
				ALWAYS_SEARCH_USER_PATHS = NO;
				ASSETCATALOG_COMPILER_GENERATE_SWIFT_ASSET_SYMBOL_EXTENSIONS = YES;
				CLANG_ANALYZER_NONNULL = YES;
				CLANG_ANALYZER_NUMBER_OBJECT_CONVERSION = YES_AGGRESSIVE;
				CLANG_CXX_LANGUAGE_STANDARD = "gnu++20";
				CLANG_ENABLE_MODULES = YES;
				CLANG_ENABLE_OBJC_ARC = YES;
				CLANG_ENABLE_OBJC_WEAK = YES;
				CLANG_WARN_BLOCK_CAPTURE_AUTORELEASING = YES;
				CLANG_WARN_BOOL_CONVERSION = YES;
				CLANG_WARN_COMMA = YES;
				CLANG_WARN_CONSTANT_CONVERSION = YES;
				CLANG_WARN_DEPRECATED_OBJC_IMPLEMENTATIONS = YES;
				CLANG_WARN_DIRECT_OBJC_ISA_USAGE = YES_ERROR;
				CLANG_WARN_DOCUMENTATION_COMMENTS = YES;
				CLANG_WARN_EMPTY_BODY = YES;
				CLANG_WARN_ENUM_CONVERSION = YES;
				CLANG_WARN_INFINITE_RECURSION = YES;
				CLANG_WARN_INT_CONVERSION = YES;
				CLANG_WARN_NON_LITERAL_NULL_CONVERSION = YES;
				CLANG_WARN_OBJC_IMPLICIT_RETAIN_SELF = YES;
				CLANG_WARN_OBJC_LITERAL_CONVERSION = YES;
				CLANG_WARN_OBJC_ROOT_CLASS = YES_ERROR;
				CLANG_WARN_QUOTED_INCLUDE_IN_FRAMEWORK_HEADER = YES;
				CLANG_WARN_RANGE_LOOP_ANALYSIS = YES;
				CLANG_WARN_STRICT_PROTOTYPES = YES;
				CLANG_WARN_SUSPICIOUS_MOVE = YES;
				CLANG_WARN_UNGUARDED_AVAILABILITY = YES_AGGRESSIVE;
				CLANG_WARN_UNREACHABLE_CODE = YES;
				CLANG_WARN__DUPLICATE_METHOD_MATCH = YES;
				COPY_PHASE_STRIP = NO;
				DEBUG_INFORMATION_FORMAT = "dwarf-with-dsym";
				ENABLE_NS_ASSERTIONS = NO;
				ENABLE_STRICT_OBJC_MSGSEND = YES;
				ENABLE_USER_SCRIPT_SANDBOXING = YES;
				GCC_C_LANGUAGE_STANDARD = gnu17;
				GCC_NO_COMMON_BLOCKS = YES;
				GCC_WARN_64_TO_32_BIT_CONVERSION = YES;
				GCC_WARN_ABOUT_RETURN_TYPE = YES_ERROR;
				GCC_WARN_UNDECLARED_SELECTOR = YES;
				GCC_WARN_UNINITIALIZED_AUTOS = YES_AGGRESSIVE;
				GCC_WARN_UNUSED_FUNCTION = YES;
				GCC_WARN_UNUSED_VARIABLE = YES;
				LOCALIZATION_PREFERS_STRING_CATALOGS = YES;
				MTL_ENABLE_DEBUG_INFO = NO;
				MTL_FAST_MATH = YES;
				SWIFT_COMPILATION_MODE = wholemodule;
			};
			name = Release;
		};
		7C9EB58D2C40DF89005D8430 /* Debug */ = {
			isa = XCBuildConfiguration;
			buildSettings = {
				ASSETCATALOG_COMPILER_APPICON_NAME = AppIcon;
				ASSETCATALOG_COMPILER_GLOBAL_ACCENT_COLOR_NAME = AccentColor;
				CODE_SIGN_ENTITLEMENTS = "iOS-challenge/iOS_challenge.entitlements";
				CODE_SIGN_IDENTITY = "Apple Development";
				CODE_SIGN_STYLE = Automatic;
				CURRENT_PROJECT_VERSION = 1;
				DEVELOPMENT_ASSET_PATHS = "\"iOS-challenge/Preview Content\"";
				DEVELOPMENT_TEAM = 438BTGM47G;
				ENABLE_HARDENED_RUNTIME = YES;
				ENABLE_PREVIEWS = YES;
				GENERATE_INFOPLIST_FILE = YES;
				"INFOPLIST_KEY_UIApplicationSceneManifest_Generation[sdk=iphoneos*]" = YES;
				"INFOPLIST_KEY_UIApplicationSceneManifest_Generation[sdk=iphonesimulator*]" = YES;
				"INFOPLIST_KEY_UIApplicationSupportsIndirectInputEvents[sdk=iphoneos*]" = YES;
				"INFOPLIST_KEY_UIApplicationSupportsIndirectInputEvents[sdk=iphonesimulator*]" = YES;
				"INFOPLIST_KEY_UILaunchScreen_Generation[sdk=iphoneos*]" = YES;
				"INFOPLIST_KEY_UILaunchScreen_Generation[sdk=iphonesimulator*]" = YES;
				"INFOPLIST_KEY_UIStatusBarStyle[sdk=iphoneos*]" = UIStatusBarStyleDefault;
				"INFOPLIST_KEY_UIStatusBarStyle[sdk=iphonesimulator*]" = UIStatusBarStyleDefault;
				INFOPLIST_KEY_UISupportedInterfaceOrientations_iPad = "UIInterfaceOrientationPortrait UIInterfaceOrientationPortraitUpsideDown UIInterfaceOrientationLandscapeLeft UIInterfaceOrientationLandscapeRight";
				INFOPLIST_KEY_UISupportedInterfaceOrientations_iPhone = "UIInterfaceOrientationPortrait UIInterfaceOrientationLandscapeLeft UIInterfaceOrientationLandscapeRight";
				IPHONEOS_DEPLOYMENT_TARGET = 17.5;
				LD_RUNPATH_SEARCH_PATHS = "@executable_path/Frameworks";
				"LD_RUNPATH_SEARCH_PATHS[sdk=macosx*]" = "@executable_path/../Frameworks";
				MACOSX_DEPLOYMENT_TARGET = 14.5;
				MARKETING_VERSION = 1.0;
				PRODUCT_BUNDLE_IDENTIFIER = "goodrec.iOS-challenge";
				PRODUCT_NAME = "$(TARGET_NAME)";
				PROVISIONING_PROFILE_SPECIFIER = "";
				SDKROOT = auto;
				SUPPORTED_PLATFORMS = "iphoneos iphonesimulator macosx";
				SWIFT_EMIT_LOC_STRINGS = YES;
				SWIFT_VERSION = 5.0;
				TARGETED_DEVICE_FAMILY = "1,2";
			};
			name = Debug;
		};
		7C9EB58E2C40DF89005D8430 /* Release */ = {
			isa = XCBuildConfiguration;
			buildSettings = {
				ASSETCATALOG_COMPILER_APPICON_NAME = AppIcon;
				ASSETCATALOG_COMPILER_GLOBAL_ACCENT_COLOR_NAME = AccentColor;
				CODE_SIGN_ENTITLEMENTS = "iOS-challenge/iOS_challenge.entitlements";
				CODE_SIGN_IDENTITY = "Apple Development";
				CODE_SIGN_STYLE = Automatic;
				CURRENT_PROJECT_VERSION = 1;
				DEVELOPMENT_ASSET_PATHS = "\"iOS-challenge/Preview Content\"";
				DEVELOPMENT_TEAM = 438BTGM47G;
				ENABLE_HARDENED_RUNTIME = YES;
				ENABLE_PREVIEWS = YES;
				GENERATE_INFOPLIST_FILE = YES;
				"INFOPLIST_KEY_UIApplicationSceneManifest_Generation[sdk=iphoneos*]" = YES;
				"INFOPLIST_KEY_UIApplicationSceneManifest_Generation[sdk=iphonesimulator*]" = YES;
				"INFOPLIST_KEY_UIApplicationSupportsIndirectInputEvents[sdk=iphoneos*]" = YES;
				"INFOPLIST_KEY_UIApplicationSupportsIndirectInputEvents[sdk=iphonesimulator*]" = YES;
				"INFOPLIST_KEY_UILaunchScreen_Generation[sdk=iphoneos*]" = YES;
				"INFOPLIST_KEY_UILaunchScreen_Generation[sdk=iphonesimulator*]" = YES;
				"INFOPLIST_KEY_UIStatusBarStyle[sdk=iphoneos*]" = UIStatusBarStyleDefault;
				"INFOPLIST_KEY_UIStatusBarStyle[sdk=iphonesimulator*]" = UIStatusBarStyleDefault;
				INFOPLIST_KEY_UISupportedInterfaceOrientations_iPad = "UIInterfaceOrientationPortrait UIInterfaceOrientationPortraitUpsideDown UIInterfaceOrientationLandscapeLeft UIInterfaceOrientationLandscapeRight";
				INFOPLIST_KEY_UISupportedInterfaceOrientations_iPhone = "UIInterfaceOrientationPortrait UIInterfaceOrientationLandscapeLeft UIInterfaceOrientationLandscapeRight";
				IPHONEOS_DEPLOYMENT_TARGET = 17.5;
				LD_RUNPATH_SEARCH_PATHS = "@executable_path/Frameworks";
				"LD_RUNPATH_SEARCH_PATHS[sdk=macosx*]" = "@executable_path/../Frameworks";
				MACOSX_DEPLOYMENT_TARGET = 14.5;
				MARKETING_VERSION = 1.0;
				PRODUCT_BUNDLE_IDENTIFIER = "goodrec.iOS-challenge";
				PRODUCT_NAME = "$(TARGET_NAME)";
				PROVISIONING_PROFILE_SPECIFIER = "";
				SDKROOT = auto;
				SUPPORTED_PLATFORMS = "iphoneos iphonesimulator macosx";
				SWIFT_EMIT_LOC_STRINGS = YES;
				SWIFT_VERSION = 5.0;
				TARGETED_DEVICE_FAMILY = "1,2";
			};
			name = Release;
		};
		7C9EB5902C40DF89005D8430 /* Debug */ = {
			isa = XCBuildConfiguration;
			buildSettings = {
				ALWAYS_EMBED_SWIFT_STANDARD_LIBRARIES = YES;
				BUNDLE_LOADER = "$(TEST_HOST)";
				CODE_SIGN_STYLE = Automatic;
				CURRENT_PROJECT_VERSION = 1;
				DEVELOPMENT_TEAM = 438BTGM47G;
				GENERATE_INFOPLIST_FILE = YES;
				IPHONEOS_DEPLOYMENT_TARGET = 17.5;
				MACOSX_DEPLOYMENT_TARGET = 14.5;
				MARKETING_VERSION = 1.0;
				PRODUCT_BUNDLE_IDENTIFIER = "rooftop.iOS-challengeTests";
				PRODUCT_NAME = "$(TARGET_NAME)";
				SDKROOT = auto;
				SUPPORTED_PLATFORMS = "iphoneos iphonesimulator macosx";
				SWIFT_EMIT_LOC_STRINGS = NO;
				SWIFT_VERSION = 5.0;
				TARGETED_DEVICE_FAMILY = "1,2";
				TEST_HOST = "$(BUILT_PRODUCTS_DIR)/iOS-challenge.app/$(BUNDLE_EXECUTABLE_FOLDER_PATH)/iOS-challenge";
			};
			name = Debug;
		};
		7C9EB5912C40DF89005D8430 /* Release */ = {
			isa = XCBuildConfiguration;
			buildSettings = {
				ALWAYS_EMBED_SWIFT_STANDARD_LIBRARIES = YES;
				BUNDLE_LOADER = "$(TEST_HOST)";
				CODE_SIGN_STYLE = Automatic;
				CURRENT_PROJECT_VERSION = 1;
				DEVELOPMENT_TEAM = 438BTGM47G;
				GENERATE_INFOPLIST_FILE = YES;
				IPHONEOS_DEPLOYMENT_TARGET = 17.5;
				MACOSX_DEPLOYMENT_TARGET = 14.5;
				MARKETING_VERSION = 1.0;
				PRODUCT_BUNDLE_IDENTIFIER = "rooftop.iOS-challengeTests";
				PRODUCT_NAME = "$(TARGET_NAME)";
				SDKROOT = auto;
				SUPPORTED_PLATFORMS = "iphoneos iphonesimulator macosx";
				SWIFT_EMIT_LOC_STRINGS = NO;
				SWIFT_VERSION = 5.0;
				TARGETED_DEVICE_FAMILY = "1,2";
				TEST_HOST = "$(BUILT_PRODUCTS_DIR)/iOS-challenge.app/$(BUNDLE_EXECUTABLE_FOLDER_PATH)/iOS-challenge";
			};
			name = Release;
		};
		7C9EB5932C40DF89005D8430 /* Debug */ = {
			isa = XCBuildConfiguration;
			buildSettings = {
				ALWAYS_EMBED_SWIFT_STANDARD_LIBRARIES = YES;
				CODE_SIGN_STYLE = Automatic;
				CURRENT_PROJECT_VERSION = 1;
				DEVELOPMENT_TEAM = 438BTGM47G;
				GENERATE_INFOPLIST_FILE = YES;
				IPHONEOS_DEPLOYMENT_TARGET = 17.5;
				MACOSX_DEPLOYMENT_TARGET = 14.5;
				MARKETING_VERSION = 1.0;
				PRODUCT_BUNDLE_IDENTIFIER = "rooftop.iOS-challengeUITests";
				PRODUCT_NAME = "$(TARGET_NAME)";
				SDKROOT = auto;
				SUPPORTED_PLATFORMS = "iphoneos iphonesimulator macosx";
				SWIFT_EMIT_LOC_STRINGS = NO;
				SWIFT_VERSION = 5.0;
				TARGETED_DEVICE_FAMILY = "1,2";
				TEST_TARGET_NAME = "iOS-challenge";
			};
			name = Debug;
		};
		7C9EB5942C40DF89005D8430 /* Release */ = {
			isa = XCBuildConfiguration;
			buildSettings = {
				ALWAYS_EMBED_SWIFT_STANDARD_LIBRARIES = YES;
				CODE_SIGN_STYLE = Automatic;
				CURRENT_PROJECT_VERSION = 1;
				DEVELOPMENT_TEAM = 438BTGM47G;
				GENERATE_INFOPLIST_FILE = YES;
				IPHONEOS_DEPLOYMENT_TARGET = 17.5;
				MACOSX_DEPLOYMENT_TARGET = 14.5;
				MARKETING_VERSION = 1.0;
				PRODUCT_BUNDLE_IDENTIFIER = "rooftop.iOS-challengeUITests";
				PRODUCT_NAME = "$(TARGET_NAME)";
				SDKROOT = auto;
				SUPPORTED_PLATFORMS = "iphoneos iphonesimulator macosx";
				SWIFT_EMIT_LOC_STRINGS = NO;
				SWIFT_VERSION = 5.0;
				TARGETED_DEVICE_FAMILY = "1,2";
				TEST_TARGET_NAME = "iOS-challenge";
			};
			name = Release;
		};
/* End XCBuildConfiguration section */

/* Begin XCConfigurationList section */
		7C9EB5622C40DF88005D8430 /* Build configuration list for PBXProject "iOS-challenge" */ = {
			isa = XCConfigurationList;
			buildConfigurations = (
				7C9EB58A2C40DF89005D8430 /* Debug */,
				7C9EB58B2C40DF89005D8430 /* Release */,
			);
			defaultConfigurationIsVisible = 0;
			defaultConfigurationName = Release;
		};
		7C9EB58C2C40DF89005D8430 /* Build configuration list for PBXNativeTarget "iOS-challenge" */ = {
			isa = XCConfigurationList;
			buildConfigurations = (
				7C9EB58D2C40DF89005D8430 /* Debug */,
				7C9EB58E2C40DF89005D8430 /* Release */,
			);
			defaultConfigurationIsVisible = 0;
			defaultConfigurationName = Release;
		};
		7C9EB58F2C40DF89005D8430 /* Build configuration list for PBXNativeTarget "iOS-challengeTests" */ = {
			isa = XCConfigurationList;
			buildConfigurations = (
				7C9EB5902C40DF89005D8430 /* Debug */,
				7C9EB5912C40DF89005D8430 /* Release */,
			);
			defaultConfigurationIsVisible = 0;
			defaultConfigurationName = Release;
		};
		7C9EB5922C40DF89005D8430 /* Build configuration list for PBXNativeTarget "iOS-challengeUITests" */ = {
			isa = XCConfigurationList;
			buildConfigurations = (
				7C9EB5932C40DF89005D8430 /* Debug */,
				7C9EB5942C40DF89005D8430 /* Release */,
			);
			defaultConfigurationIsVisible = 0;
			defaultConfigurationName = Release;
		};
/* End XCConfigurationList section */

/* Begin XCRemoteSwiftPackageReference section */
		7C9EB5A72C40EC1E005D8430 /* XCRemoteSwiftPackageReference "firebase-ios-sdk" */ = {
			isa = XCRemoteSwiftPackageReference;
			repositoryURL = "https://github.com/firebase/firebase-ios-sdk";
			requirement = {
				kind = upToNextMajorVersion;
				minimumVersion = 10.29.0;
			};
		};
/* End XCRemoteSwiftPackageReference section */

/* Begin XCSwiftPackageProductDependency section */
		7CC065132C40FA2F0090EE16 /* FirebaseDatabase */ = {
			isa = XCSwiftPackageProductDependency;
			package = 7C9EB5A72C40EC1E005D8430 /* XCRemoteSwiftPackageReference "firebase-ios-sdk" */;
			productName = FirebaseDatabase;
		};
/* End XCSwiftPackageProductDependency section */
	};
	rootObject = 7C9EB55F2C40DF88005D8430 /* Project object */;
}
